
Microsoft Visual Studio Solution File, Format Version 12.00
# Visual Studio Version 16
VisualStudioVersion = 16.0.31112.23
MinimumVisualStudioVersion = 10.0.40219.1
Project("{FAE04EC0-301F-11D3-BF4B-00C04F79EFBC}") = "RabbitMQTest", "RabbitMQTest\RabbitMQTest.csproj", "{789925F4-DD1E-4079-9AC7-36B61BED0A92}"
EndProject
Project("{FAE04EC0-301F-11D3-BF4B-00C04F79EFBC}") = "RabbitMQ_Receive", "RabbitMQ_Receive\RabbitMQ_Receive.csproj", "{A9B5D7F5-BBC8-439C-91DB-174A9EF3FCB4}"
EndProject
Global
	GlobalSection(SolutionConfigurationPlatforms) = preSolution
		Debug|Any CPU = Debug|Any CPU
		Release|Any CPU = Release|Any CPU
	EndGlobalSection
	GlobalSection(ProjectConfigurationPlatforms) = postSolution
		{789925F4-DD1E-4079-9AC7-36B61BED0A92}.Debug|Any CPU.ActiveCfg = Debug|Any CPU
		{789925F4-DD1E-4079-9AC7-36B61BED0A92}.Debug|Any CPU.Build.0 = Debug|Any CPU
		{789925F4-DD1E-4079-9AC7-36B61BED0A92}.Release|Any CPU.ActiveCfg = Release|Any CPU
		{789925F4-DD1E-4079-9AC7-36B61BED0A92}.Release|Any CPU.Build.0 = Release|Any CPU
		{A9B5D7F5-BBC8-439C-91DB-174A9EF3FCB4}.Debug|Any CPU.ActiveCfg = Debug|Any CPU
		{A9B5D7F5-BBC8-439C-91DB-174A9EF3FCB4}.Debug|Any CPU.Build.0 = Debug|Any CPU
		{A9B5D7F5-BBC8-439C-91DB-174A9EF3FCB4}.Release|Any CPU.ActiveCfg = Release|Any CPU
		{A9B5D7F5-BBC8-439C-91DB-174A9EF3FCB4}.Release|Any CPU.Build.0 = Release|Any CPU
	EndGlobalSection
	GlobalSection(SolutionProperties) = preSolution
		HideSolutionNode = FALSE
	EndGlobalSection
	GlobalSection(ExtensibilityGlobals) = postSolution
		SolutionGuid = {8A772428-4EAA-4544-9057-86A91D648D1A}
	EndGlobalSection
EndGlobal
